// !$*UTF8*$!
{
	archiveVersion = 1;
	classes = {
	};
	objectVersion = 56;
	objects = {

/* Begin PBXBuildFile section */
		C2A9586E29073BA600F78E17 /* SwiftVisionApp.swift in Sources */ = {isa = PBXBuildFile; fileRef = C2A9586D29073BA600F78E17 /* SwiftVisionApp.swift */; };
		C2A9587029073BA600F78E17 /* ContentView.swift in Sources */ = {isa = PBXBuildFile; fileRef = C2A9586F29073BA600F78E17 /* ContentView.swift */; };
		C2A9587229073BA600F78E17 /* Assets.xcassets in Resources */ = {isa = PBXBuildFile; fileRef = C2A9587129073BA600F78E17 /* Assets.xcassets */; };
		C2A9587529073BA600F78E17 /* Preview Assets.xcassets in Resources */ = {isa = PBXBuildFile; fileRef = C2A9587429073BA600F78E17 /* Preview Assets.xcassets */; };
		C2A9588029073BA600F78E17 /* SwiftVisionTests.swift in Sources */ = {isa = PBXBuildFile; fileRef = C2A9587F29073BA600F78E17 /* SwiftVisionTests.swift */; };
		C2A9588A29073BA600F78E17 /* SwiftVisionUITests.swift in Sources */ = {isa = PBXBuildFile; fileRef = C2A9588929073BA600F78E17 /* SwiftVisionUITests.swift */; };
		C2A9588C29073BA600F78E17 /* SwiftVisionUITestsLaunchTests.swift in Sources */ = {isa = PBXBuildFile; fileRef = C2A9588B29073BA600F78E17 /* SwiftVisionUITestsLaunchTests.swift */; };
		C2A9589929073BF800F78E17 /* VideoCapture.swift in Sources */ = {isa = PBXBuildFile; fileRef = C2A9589829073BF800F78E17 /* VideoCapture.swift */; };
		C2A9589B29074A3A00F78E17 /* VisionRequest.swift in Sources */ = {isa = PBXBuildFile; fileRef = C2A9589A29074A3A00F78E17 /* VisionRequest.swift */; };
		C2A9589D290763C600F78E17 /* CoreMLRequest.swift in Sources */ = {isa = PBXBuildFile; fileRef = C2A9589C290763C600F78E17 /* CoreMLRequest.swift */; };
		C2A9589F29076DB700F78E17 /* yolov5s.mlmodel in Sources */ = {isa = PBXBuildFile; fileRef = C2A9589E29076DB700F78E17 /* yolov5s.mlmodel */; };
/* End PBXBuildFile section */

/* Begin PBXContainerItemProxy section */
		C2A9587C29073BA600F78E17 /* PBXContainerItemProxy */ = {
			isa = PBXContainerItemProxy;
			containerPortal = C2A9586229073BA600F78E17 /* Project object */;
			proxyType = 1;
			remoteGlobalIDString = C2A9586929073BA600F78E17;
			remoteInfo = SwiftVision;
		};
		C2A9588629073BA600F78E17 /* PBXContainerItemProxy */ = {
			isa = PBXContainerItemProxy;
			containerPortal = C2A9586229073BA600F78E17 /* Project object */;
			proxyType = 1;
			remoteGlobalIDString = C2A9586929073BA600F78E17;
			remoteInfo = SwiftVision;
		};
/* End PBXContainerItemProxy section */

/* Begin PBXFileReference section */
		C2A9586A29073BA600F78E17 /* SwiftVision.app */ = {isa = PBXFileReference; explicitFileType = wrapper.application; includeInIndex = 0; path = SwiftVision.app; sourceTree = BUILT_PRODUCTS_DIR; };
		C2A9586D29073BA600F78E17 /* SwiftVisionApp.swift */ = {isa = PBXFileReference; lastKnownFileType = sourcecode.swift; path = SwiftVisionApp.swift; sourceTree = "<group>"; };
		C2A9586F29073BA600F78E17 /* ContentView.swift */ = {isa = PBXFileReference; lastKnownFileType = sourcecode.swift; path = ContentView.swift; sourceTree = "<group>"; };
		C2A9587129073BA600F78E17 /* Assets.xcassets */ = {isa = PBXFileReference; lastKnownFileType = folder.assetcatalog; path = Assets.xcassets; sourceTree = "<group>"; };
		C2A9587429073BA600F78E17 /* Preview Assets.xcassets */ = {isa = PBXFileReference; lastKnownFileType = folder.assetcatalog; path = "Preview Assets.xcassets"; sourceTree = "<group>"; };
		C2A9587629073BA600F78E17 /* SwiftVision.entitlements */ = {isa = PBXFileReference; lastKnownFileType = text.plist.entitlements; path = SwiftVision.entitlements; sourceTree = "<group>"; };
		C2A9587B29073BA600F78E17 /* SwiftVisionTests.xctest */ = {isa = PBXFileReference; explicitFileType = wrapper.cfbundle; includeInIndex = 0; path = SwiftVisionTests.xctest; sourceTree = BUILT_PRODUCTS_DIR; };
		C2A9587F29073BA600F78E17 /* SwiftVisionTests.swift */ = {isa = PBXFileReference; lastKnownFileType = sourcecode.swift; path = SwiftVisionTests.swift; sourceTree = "<group>"; };
		C2A9588529073BA600F78E17 /* SwiftVisionUITests.xctest */ = {isa = PBXFileReference; explicitFileType = wrapper.cfbundle; includeInIndex = 0; path = SwiftVisionUITests.xctest; sourceTree = BUILT_PRODUCTS_DIR; };
		C2A9588929073BA600F78E17 /* SwiftVisionUITests.swift */ = {isa = PBXFileReference; lastKnownFileType = sourcecode.swift; path = SwiftVisionUITests.swift; sourceTree = "<group>"; };
		C2A9588B29073BA600F78E17 /* SwiftVisionUITestsLaunchTests.swift */ = {isa = PBXFileReference; lastKnownFileType = sourcecode.swift; path = SwiftVisionUITestsLaunchTests.swift; sourceTree = "<group>"; };
		C2A9589829073BF800F78E17 /* VideoCapture.swift */ = {isa = PBXFileReference; lastKnownFileType = sourcecode.swift; path = VideoCapture.swift; sourceTree = "<group>"; };
		C2A9589A29074A3A00F78E17 /* VisionRequest.swift */ = {isa = PBXFileReference; lastKnownFileType = sourcecode.swift; path = VisionRequest.swift; sourceTree = "<group>"; };
		C2A9589C290763C600F78E17 /* CoreMLRequest.swift */ = {isa = PBXFileReference; lastKnownFileType = sourcecode.swift; path = CoreMLRequest.swift; sourceTree = "<group>"; };
		C2A9589E29076DB700F78E17 /* yolov5s.mlmodel */ = {isa = PBXFileReference; lastKnownFileType = file.mlmodel; path = yolov5s.mlmodel; sourceTree = "<group>"; };
/* End PBXFileReference section */

/* Begin PBXFrameworksBuildPhase section */
		C2A9586729073BA600F78E17 /* Frameworks */ = {
			isa = PBXFrameworksBuildPhase;
			buildActionMask = 2147483647;
			files = (
			);
			runOnlyForDeploymentPostprocessing = 0;
		};
		C2A9587829073BA600F78E17 /* Frameworks */ = {
			isa = PBXFrameworksBuildPhase;
			buildActionMask = 2147483647;
			files = (
			);
			runOnlyForDeploymentPostprocessing = 0;
		};
		C2A9588229073BA600F78E17 /* Frameworks */ = {
			isa = PBXFrameworksBuildPhase;
			buildActionMask = 2147483647;
			files = (
			);
			runOnlyForDeploymentPostprocessing = 0;
		};
/* End PBXFrameworksBuildPhase section */

/* Begin PBXGroup section */
		C2A9586129073BA600F78E17 = {
			isa = PBXGroup;
			children = (
				C2A9586C29073BA600F78E17 /* SwiftVision */,
				C2A9587E29073BA600F78E17 /* SwiftVisionTests */,
				C2A9588829073BA600F78E17 /* SwiftVisionUITests */,
				C2A9586B29073BA600F78E17 /* Products */,
			);
			sourceTree = "<group>";
		};
		C2A9586B29073BA600F78E17 /* Products */ = {
			isa = PBXGroup;
			children = (
				C2A9586A29073BA600F78E17 /* SwiftVision.app */,
				C2A9587B29073BA600F78E17 /* SwiftVisionTests.xctest */,
				C2A9588529073BA600F78E17 /* SwiftVisionUITests.xctest */,
			);
			name = Products;
			sourceTree = "<group>";
		};
		C2A9586C29073BA600F78E17 /* SwiftVision */ = {
			isa = PBXGroup;
			children = (
				C2A9586D29073BA600F78E17 /* SwiftVisionApp.swift */,
				C2A9586F29073BA600F78E17 /* ContentView.swift */,
				C2A9589829073BF800F78E17 /* VideoCapture.swift */,
				C2A9589A29074A3A00F78E17 /* VisionRequest.swift */,
				C2A9589C290763C600F78E17 /* CoreMLRequest.swift */,
				C2A9587129073BA600F78E17 /* Assets.xcassets */,
				C2A9589E29076DB700F78E17 /* yolov5s.mlmodel */,
				C2A9587629073BA600F78E17 /* SwiftVision.entitlements */,
				C2A9587329073BA600F78E17 /* Preview Content */,
			);
			path = SwiftVision;
			sourceTree = "<group>";
		};
		C2A9587329073BA600F78E17 /* Preview Content */ = {
			isa = PBXGroup;
			children = (
				C2A9587429073BA600F78E17 /* Preview Assets.xcassets */,
			);
			path = "Preview Content";
			sourceTree = "<group>";
		};
		C2A9587E29073BA600F78E17 /* SwiftVisionTests */ = {
			isa = PBXGroup;
			children = (
				C2A9587F29073BA600F78E17 /* SwiftVisionTests.swift */,
			);
			path = SwiftVisionTests;
			sourceTree = "<group>";
		};
		C2A9588829073BA600F78E17 /* SwiftVisionUITests */ = {
			isa = PBXGroup;
			children = (
				C2A9588929073BA600F78E17 /* SwiftVisionUITests.swift */,
				C2A9588B29073BA600F78E17 /* SwiftVisionUITestsLaunchTests.swift */,
			);
			path = SwiftVisionUITests;
			sourceTree = "<group>";
		};
/* End PBXGroup section */

/* Begin PBXNativeTarget section */
		C2A9586929073BA600F78E17 /* SwiftVision */ = {
			isa = PBXNativeTarget;
			buildConfigurationList = C2A9588F29073BA600F78E17 /* Build configuration list for PBXNativeTarget "SwiftVision" */;
			buildPhases = (
				C2A9586629073BA600F78E17 /* Sources */,
				C2A9586729073BA600F78E17 /* Frameworks */,
				C2A9586829073BA600F78E17 /* Resources */,
			);
			buildRules = (
			);
			dependencies = (
			);
			name = SwiftVision;
			productName = SwiftVision;
			productReference = C2A9586A29073BA600F78E17 /* SwiftVision.app */;
			productType = "com.apple.product-type.application";
		};
		C2A9587A29073BA600F78E17 /* SwiftVisionTests */ = {
			isa = PBXNativeTarget;
			buildConfigurationList = C2A9589229073BA600F78E17 /* Build configuration list for PBXNativeTarget "SwiftVisionTests" */;
			buildPhases = (
				C2A9587729073BA600F78E17 /* Sources */,
				C2A9587829073BA600F78E17 /* Frameworks */,
				C2A9587929073BA600F78E17 /* Resources */,
			);
			buildRules = (
			);
			dependencies = (
				C2A9587D29073BA600F78E17 /* PBXTargetDependency */,
			);
			name = SwiftVisionTests;
			productName = SwiftVisionTests;
			productReference = C2A9587B29073BA600F78E17 /* SwiftVisionTests.xctest */;
			productType = "com.apple.product-type.bundle.unit-test";
		};
		C2A9588429073BA600F78E17 /* SwiftVisionUITests */ = {
			isa = PBXNativeTarget;
			buildConfigurationList = C2A9589529073BA600F78E17 /* Build configuration list for PBXNativeTarget "SwiftVisionUITests" */;
			buildPhases = (
				C2A9588129073BA600F78E17 /* Sources */,
				C2A9588229073BA600F78E17 /* Frameworks */,
				C2A9588329073BA600F78E17 /* Resources */,
			);
			buildRules = (
			);
			dependencies = (
				C2A9588729073BA600F78E17 /* PBXTargetDependency */,
			);
			name = SwiftVisionUITests;
			productName = SwiftVisionUITests;
			productReference = C2A9588529073BA600F78E17 /* SwiftVisionUITests.xctest */;
			productType = "com.apple.product-type.bundle.ui-testing";
		};
/* End PBXNativeTarget section */

/* Begin PBXProject section */
		C2A9586229073BA600F78E17 /* Project object */ = {
			isa = PBXProject;
			attributes = {
				BuildIndependentTargetsInParallel = 1;
				LastSwiftUpdateCheck = 1400;
				LastUpgradeCheck = 1400;
				TargetAttributes = {
					C2A9586929073BA600F78E17 = {
						CreatedOnToolsVersion = 14.0.1;
					};
					C2A9587A29073BA600F78E17 = {
						CreatedOnToolsVersion = 14.0.1;
						TestTargetID = C2A9586929073BA600F78E17;
					};
					C2A9588429073BA600F78E17 = {
						CreatedOnToolsVersion = 14.0.1;
						TestTargetID = C2A9586929073BA600F78E17;
					};
				};
			};
			buildConfigurationList = C2A9586529073BA600F78E17 /* Build configuration list for PBXProject "SwiftVision" */;
			compatibilityVersion = "Xcode 14.0";
			developmentRegion = en;
			hasScannedForEncodings = 0;
			knownRegions = (
				en,
				Base,
			);
			mainGroup = C2A9586129073BA600F78E17;
			productRefGroup = C2A9586B29073BA600F78E17 /* Products */;
			projectDirPath = "";
			projectRoot = "";
			targets = (
				C2A9586929073BA600F78E17 /* SwiftVision */,
				C2A9587A29073BA600F78E17 /* SwiftVisionTests */,
				C2A9588429073BA600F78E17 /* SwiftVisionUITests */,
			);
		};
/* End PBXProject section */

/* Begin PBXResourcesBuildPhase section */
		C2A9586829073BA600F78E17 /* Resources */ = {
			isa = PBXResourcesBuildPhase;
			buildActionMask = 2147483647;
			files = (
				C2A9587529073BA600F78E17 /* Preview Assets.xcassets in Resources */,
				C2A9587229073BA600F78E17 /* Assets.xcassets in Resources */,
			);
			runOnlyForDeploymentPostprocessing = 0;
		};
		C2A9587929073BA600F78E17 /* Resources */ = {
			isa = PBXResourcesBuildPhase;
			buildActionMask = 2147483647;
			files = (
			);
			runOnlyForDeploymentPostprocessing = 0;
		};
		C2A9588329073BA600F78E17 /* Resources */ = {
			isa = PBXResourcesBuildPhase;
			buildActionMask = 2147483647;
			files = (
			);
			runOnlyForDeploymentPostprocessing = 0;
		};
/* End PBXResourcesBuildPhase section */

/* Begin PBXSourcesBuildPhase section */
		C2A9586629073BA600F78E17 /* Sources */ = {
			isa = PBXSourcesBuildPhase;
			buildActionMask = 2147483647;
			files = (
				C2A9587029073BA600F78E17 /* ContentView.swift in Sources */,
				C2A9589929073BF800F78E17 /* VideoCapture.swift in Sources */,
				C2A9589D290763C600F78E17 /* CoreMLRequest.swift in Sources */,
				C2A9586E29073BA600F78E17 /* SwiftVisionApp.swift in Sources */,
				C2A9589F29076DB700F78E17 /* yolov5s.mlmodel in Sources */,
				C2A9589B29074A3A00F78E17 /* VisionRequest.swift in Sources */,
			);
			runOnlyForDeploymentPostprocessing = 0;
		};
		C2A9587729073BA600F78E17 /* Sources */ = {
			isa = PBXSourcesBuildPhase;
			buildActionMask = 2147483647;
			files = (
				C2A9588029073BA600F78E17 /* SwiftVisionTests.swift in Sources */,
			);
			runOnlyForDeploymentPostprocessing = 0;
		};
		C2A9588129073BA600F78E17 /* Sources */ = {
			isa = PBXSourcesBuildPhase;
			buildActionMask = 2147483647;
			files = (
				C2A9588C29073BA600F78E17 /* SwiftVisionUITestsLaunchTests.swift in Sources */,
				C2A9588A29073BA600F78E17 /* SwiftVisionUITests.swift in Sources */,
			);
			runOnlyForDeploymentPostprocessing = 0;
		};
/* End PBXSourcesBuildPhase section */

/* Begin PBXTargetDependency section */
		C2A9587D29073BA600F78E17 /* PBXTargetDependency */ = {
			isa = PBXTargetDependency;
			target = C2A9586929073BA600F78E17 /* SwiftVision */;
			targetProxy = C2A9587C29073BA600F78E17 /* PBXContainerItemProxy */;
		};
		C2A9588729073BA600F78E17 /* PBXTargetDependency */ = {
			isa = PBXTargetDependency;
			target = C2A9586929073BA600F78E17 /* SwiftVision */;
			targetProxy = C2A9588629073BA600F78E17 /* PBXContainerItemProxy */;
		};
/* End PBXTargetDependency section */

/* Begin XCBuildConfiguration section */
		C2A9588D29073BA600F78E17 /* Debug */ = {
			isa = XCBuildConfiguration;
			buildSettings = {
				ALWAYS_SEARCH_USER_PATHS = NO;
				CLANG_ANALYZER_NONNULL = YES;
				CLANG_ANALYZER_NUMBER_OBJECT_CONVERSION = YES_AGGRESSIVE;
				CLANG_CXX_LANGUAGE_STANDARD = "gnu++20";
				CLANG_ENABLE_MODULES = YES;
				CLANG_ENABLE_OBJC_ARC = YES;
				CLANG_ENABLE_OBJC_WEAK = YES;
				CLANG_WARN_BLOCK_CAPTURE_AUTORELEASING = YES;
				CLANG_WARN_BOOL_CONVERSION = YES;
				CLANG_WARN_COMMA = YES;
				CLANG_WARN_CONSTANT_CONVERSION = YES;
				CLANG_WARN_DEPRECATED_OBJC_IMPLEMENTATIONS = YES;
				CLANG_WARN_DIRECT_OBJC_ISA_USAGE = YES_ERROR;
				CLANG_WARN_DOCUMENTATION_COMMENTS = YES;
				CLANG_WARN_EMPTY_BODY = YES;
				CLANG_WARN_ENUM_CONVERSION = YES;
				CLANG_WARN_INFINITE_RECURSION = YES;
				CLANG_WARN_INT_CONVERSION = YES;
				CLANG_WARN_NON_LITERAL_NULL_CONVERSION = YES;
				CLANG_WARN_OBJC_IMPLICIT_RETAIN_SELF = YES;
				CLANG_WARN_OBJC_LITERAL_CONVERSION = YES;
				CLANG_WARN_OBJC_ROOT_CLASS = YES_ERROR;
				CLANG_WARN_QUOTED_INCLUDE_IN_FRAMEWORK_HEADER = YES;
				CLANG_WARN_RANGE_LOOP_ANALYSIS = YES;
				CLANG_WARN_STRICT_PROTOTYPES = YES;
				CLANG_WARN_SUSPICIOUS_MOVE = YES;
				CLANG_WARN_UNGUARDED_AVAILABILITY = YES_AGGRESSIVE;
				CLANG_WARN_UNREACHABLE_CODE = YES;
				CLANG_WARN__DUPLICATE_METHOD_MATCH = YES;
				COPY_PHASE_STRIP = NO;
				DEBUG_INFORMATION_FORMAT = dwarf;
				ENABLE_STRICT_OBJC_MSGSEND = YES;
				ENABLE_TESTABILITY = YES;
				GCC_C_LANGUAGE_STANDARD = gnu11;
				GCC_DYNAMIC_NO_PIC = NO;
				GCC_NO_COMMON_BLOCKS = YES;
				GCC_OPTIMIZATION_LEVEL = 0;
				GCC_PREPROCESSOR_DEFINITIONS = (
					"DEBUG=1",
					"$(inherited)",
				);
				GCC_WARN_64_TO_32_BIT_CONVERSION = YES;
				GCC_WARN_ABOUT_RETURN_TYPE = YES_ERROR;
				GCC_WARN_UNDECLARED_SELECTOR = YES;
				GCC_WARN_UNINITIALIZED_AUTOS = YES_AGGRESSIVE;
				GCC_WARN_UNUSED_FUNCTION = YES;
				GCC_WARN_UNUSED_VARIABLE = YES;
				MACOSX_DEPLOYMENT_TARGET = 12.3;
				MTL_ENABLE_DEBUG_INFO = INCLUDE_SOURCE;
				MTL_FAST_MATH = YES;
				ONLY_ACTIVE_ARCH = YES;
				SDKROOT = macosx;
				SWIFT_ACTIVE_COMPILATION_CONDITIONS = DEBUG;
				SWIFT_OPTIMIZATION_LEVEL = "-Onone";
			};
			name = Debug;
		};
		C2A9588E29073BA600F78E17 /* Release */ = {
			isa = XCBuildConfiguration;
			buildSettings = {
				ALWAYS_SEARCH_USER_PATHS = NO;
				CLANG_ANALYZER_NONNULL = YES;
				CLANG_ANALYZER_NUMBER_OBJECT_CONVERSION = YES_AGGRESSIVE;
				CLANG_CXX_LANGUAGE_STANDARD = "gnu++20";
				CLANG_ENABLE_MODULES = YES;
				CLANG_ENABLE_OBJC_ARC = YES;
				CLANG_ENABLE_OBJC_WEAK = YES;
				CLANG_WARN_BLOCK_CAPTURE_AUTORELEASING = YES;
				CLANG_WARN_BOOL_CONVERSION = YES;
				CLANG_WARN_COMMA = YES;
				CLANG_WARN_CONSTANT_CONVERSION = YES;
				CLANG_WARN_DEPRECATED_OBJC_IMPLEMENTATIONS = YES;
				CLANG_WARN_DIRECT_OBJC_ISA_USAGE = YES_ERROR;
				CLANG_WARN_DOCUMENTATION_COMMENTS = YES;
				CLANG_WARN_EMPTY_BODY = YES;
				CLANG_WARN_ENUM_CONVERSION = YES;
				CLANG_WARN_INFINITE_RECURSION = YES;
				CLANG_WARN_INT_CONVERSION = YES;
				CLANG_WARN_NON_LITERAL_NULL_CONVERSION = YES;
				CLANG_WARN_OBJC_IMPLICIT_RETAIN_SELF = YES;
				CLANG_WARN_OBJC_LITERAL_CONVERSION = YES;
				CLANG_WARN_OBJC_ROOT_CLASS = YES_ERROR;
				CLANG_WARN_QUOTED_INCLUDE_IN_FRAMEWORK_HEADER = YES;
				CLANG_WARN_RANGE_LOOP_ANALYSIS = YES;
				CLANG_WARN_STRICT_PROTOTYPES = YES;
				CLANG_WARN_SUSPICIOUS_MOVE = YES;
				CLANG_WARN_UNGUARDED_AVAILABILITY = YES_AGGRESSIVE;
				CLANG_WARN_UNREACHABLE_CODE = YES;
				CLANG_WARN__DUPLICATE_METHOD_MATCH = YES;
				COPY_PHASE_STRIP = NO;
				DEBUG_INFORMATION_FORMAT = "dwarf-with-dsym";
				ENABLE_NS_ASSERTIONS = NO;
				ENABLE_STRICT_OBJC_MSGSEND = YES;
				GCC_C_LANGUAGE_STANDARD = gnu11;
				GCC_NO_COMMON_BLOCKS = YES;
				GCC_WARN_64_TO_32_BIT_CONVERSION = YES;
				GCC_WARN_ABOUT_RETURN_TYPE = YES_ERROR;
				GCC_WARN_UNDECLARED_SELECTOR = YES;
				GCC_WARN_UNINITIALIZED_AUTOS = YES_AGGRESSIVE;
				GCC_WARN_UNUSED_FUNCTION = YES;
				GCC_WARN_UNUSED_VARIABLE = YES;
				MACOSX_DEPLOYMENT_TARGET = 12.3;
				MTL_ENABLE_DEBUG_INFO = NO;
				MTL_FAST_MATH = YES;
				SDKROOT = macosx;
				SWIFT_COMPILATION_MODE = wholemodule;
				SWIFT_OPTIMIZATION_LEVEL = "-O";
			};
			name = Release;
		};
		C2A9589029073BA600F78E17 /* Debug */ = {
			isa = XCBuildConfiguration;
			buildSettings = {
				ASSETCATALOG_COMPILER_APPICON_NAME = AppIcon;
				ASSETCATALOG_COMPILER_GLOBAL_ACCENT_COLOR_NAME = AccentColor;
				CODE_SIGN_ENTITLEMENTS = SwiftVision/SwiftVision.entitlements;
				CODE_SIGN_STYLE = Automatic;
				COMBINE_HIDPI_IMAGES = YES;
				CURRENT_PROJECT_VERSION = 1;
				DEVELOPMENT_ASSET_PATHS = "\"SwiftVision/Preview Content\"";
				DEVELOPMENT_TEAM = TTWJ8VQQ2V;
				ENABLE_HARDENED_RUNTIME = YES;
				ENABLE_PREVIEWS = YES;
				GENERATE_INFOPLIST_FILE = YES;
				INFOPLIST_KEY_NSCameraUsageDescription = "Explorations in machine vision";
				INFOPLIST_KEY_NSHumanReadableCopyright = "";
				LD_RUNPATH_SEARCH_PATHS = (
					"$(inherited)",
					"@executable_path/../Frameworks",
				);
				MARKETING_VERSION = 1.0;
				PRODUCT_BUNDLE_IDENTIFIER = com.irregularobo.SwiftVision;
				PRODUCT_NAME = "$(TARGET_NAME)";
				SWIFT_EMIT_LOC_STRINGS = YES;
				SWIFT_VERSION = 5.0;
			};
			name = Debug;
		};
		C2A9589129073BA600F78E17 /* Release */ = {
			isa = XCBuildConfiguration;
			buildSettings = {
				ASSETCATALOG_COMPILER_APPICON_NAME = AppIcon;
				ASSETCATALOG_COMPILER_GLOBAL_ACCENT_COLOR_NAME = AccentColor;
				CODE_SIGN_ENTITLEMENTS = SwiftVision/SwiftVision.entitlements;
				CODE_SIGN_STYLE = Automatic;
				COMBINE_HIDPI_IMAGES = YES;
				CURRENT_PROJECT_VERSION = 1;
				DEVELOPMENT_ASSET_PATHS = "\"SwiftVision/Preview Content\"";
				DEVELOPMENT_TEAM = TTWJ8VQQ2V;
				ENABLE_HARDENED_RUNTIME = YES;
				ENABLE_PREVIEWS = YES;
				GENERATE_INFOPLIST_FILE = YES;
				INFOPLIST_KEY_NSCameraUsageDescription = "Explorations in machine vision";
				INFOPLIST_KEY_NSHumanReadableCopyright = "";
				LD_RUNPATH_SEARCH_PATHS = (
					"$(inherited)",
					"@executable_path/../Frameworks",
				);
				MARKETING_VERSION = 1.0;
				PRODUCT_BUNDLE_IDENTIFIER = com.irregularobo.SwiftVision;
				PRODUCT_NAME = "$(TARGET_NAME)";
				SWIFT_EMIT_LOC_STRINGS = YES;
				SWIFT_VERSION = 5.0;
			};
			name = Release;
		};
		C2A9589329073BA600F78E17 /* Debug */ = {
			isa = XCBuildConfiguration;
			buildSettings = {
				ALWAYS_EMBED_SWIFT_STANDARD_LIBRARIES = YES;
				BUNDLE_LOADER = "$(TEST_HOST)";
				CODE_SIGN_STYLE = Automatic;
				CURRENT_PROJECT_VERSION = 1;
				DEVELOPMENT_TEAM = TTWJ8VQQ2V;
				GENERATE_INFOPLIST_FILE = YES;
				MACOSX_DEPLOYMENT_TARGET = 12.3;
				MARKETING_VERSION = 1.0;
				PRODUCT_BUNDLE_IDENTIFIER = com.irregularobo.SwiftVisionTests;
				PRODUCT_NAME = "$(TARGET_NAME)";
				SWIFT_EMIT_LOC_STRINGS = NO;
				SWIFT_VERSION = 5.0;
				TEST_HOST = "$(BUILT_PRODUCTS_DIR)/SwiftVision.app/$(BUNDLE_EXECUTABLE_FOLDER_PATH)/SwiftVision";
			};
			name = Debug;
		};
		C2A9589429073BA600F78E17 /* Release */ = {
			isa = XCBuildConfiguration;
			buildSettings = {
				ALWAYS_EMBED_SWIFT_STANDARD_LIBRARIES = YES;
				BUNDLE_LOADER = "$(TEST_HOST)";
				CODE_SIGN_STYLE = Automatic;
				CURRENT_PROJECT_VERSION = 1;
				DEVELOPMENT_TEAM = TTWJ8VQQ2V;
				GENERATE_INFOPLIST_FILE = YES;
				MACOSX_DEPLOYMENT_TARGET = 12.3;
				MARKETING_VERSION = 1.0;
				PRODUCT_BUNDLE_IDENTIFIER = com.irregularobo.SwiftVisionTests;
				PRODUCT_NAME = "$(TARGET_NAME)";
				SWIFT_EMIT_LOC_STRINGS = NO;
				SWIFT_VERSION = 5.0;
				TEST_HOST = "$(BUILT_PRODUCTS_DIR)/SwiftVision.app/$(BUNDLE_EXECUTABLE_FOLDER_PATH)/SwiftVision";
			};
			name = Release;
		};
		C2A9589629073BA600F78E17 /* Debug */ = {
			isa = XCBuildConfiguration;
			buildSettings = {
				ALWAYS_EMBED_SWIFT_STANDARD_LIBRARIES = YES;
				CODE_SIGN_STYLE = Automatic;
				CURRENT_PROJECT_VERSION = 1;
				DEVELOPMENT_TEAM = TTWJ8VQQ2V;
				GENERATE_INFOPLIST_FILE = YES;
				MARKETING_VERSION = 1.0;
				PRODUCT_BUNDLE_IDENTIFIER = com.irregularobo.SwiftVisionUITests;
				PRODUCT_NAME = "$(TARGET_NAME)";
				SWIFT_EMIT_LOC_STRINGS = NO;
				SWIFT_VERSION = 5.0;
				TEST_TARGET_NAME = SwiftVision;
			};
			name = Debug;
		};
		C2A9589729073BA600F78E17 /* Release */ = {
			isa = XCBuildConfiguration;
			buildSettings = {
				ALWAYS_EMBED_SWIFT_STANDARD_LIBRARIES = YES;
				CODE_SIGN_STYLE = Automatic;
				CURRENT_PROJECT_VERSION = 1;
				DEVELOPMENT_TEAM = TTWJ8VQQ2V;
				GENERATE_INFOPLIST_FILE = YES;
				MARKETING_VERSION = 1.0;
				PRODUCT_BUNDLE_IDENTIFIER = com.irregularobo.SwiftVisionUITests;
				PRODUCT_NAME = "$(TARGET_NAME)";
				SWIFT_EMIT_LOC_STRINGS = NO;
				SWIFT_VERSION = 5.0;
				TEST_TARGET_NAME = SwiftVision;
			};
			name = Release;
		};
/* End XCBuildConfiguration section */

/* Begin XCConfigurationList section */
		C2A9586529073BA600F78E17 /* Build configuration list for PBXProject "SwiftVision" */ = {
			isa = XCConfigurationList;
			buildConfigurations = (
				C2A9588D29073BA600F78E17 /* Debug */,
				C2A9588E29073BA600F78E17 /* Release */,
			);
			defaultConfigurationIsVisible = 0;
			defaultConfigurationName = Release;
		};
		C2A9588F29073BA600F78E17 /* Build configuration list for PBXNativeTarget "SwiftVision" */ = {
			isa = XCConfigurationList;
			buildConfigurations = (
				C2A9589029073BA600F78E17 /* Debug */,
				C2A9589129073BA600F78E17 /* Release */,
			);
			defaultConfigurationIsVisible = 0;
			defaultConfigurationName = Release;
		};
		C2A9589229073BA600F78E17 /* Build configuration list for PBXNativeTarget "SwiftVisionTests" */ = {
			isa = XCConfigurationList;
			buildConfigurations = (
				C2A9589329073BA600F78E17 /* Debug */,
				C2A9589429073BA600F78E17 /* Release */,
			);
			defaultConfigurationIsVisible = 0;
			defaultConfigurationName = Release;
		};
		C2A9589529073BA600F78E17 /* Build configuration list for PBXNativeTarget "SwiftVisionUITests" */ = {
			isa = XCConfigurationList;
			buildConfigurations = (
				C2A9589629073BA600F78E17 /* Debug */,
				C2A9589729073BA600F78E17 /* Release */,
			);
			defaultConfigurationIsVisible = 0;
			defaultConfigurationName = Release;
		};
/* End XCConfigurationList section */
	};
	rootObject = C2A9586229073BA600F78E17 /* Project object */;
}
